// !$*UTF8*$!
{
	archiveVersion = 1;
	classes = {
	};
	objectVersion = 56;
	objects = {

/* Begin PBXBuildFile section */
		8BAE038428FBD80100B69FBB /* AppDelegate.swift in Sources */ = {isa = PBXBuildFile; fileRef = 8BAE038328FBD80100B69FBB /* AppDelegate.swift */; };
		8BAE038628FBD80100B69FBB /* SceneDelegate.swift in Sources */ = {isa = PBXBuildFile; fileRef = 8BAE038528FBD80100B69FBB /* SceneDelegate.swift */; };
		8BAE038828FBD80100B69FBB /* ViewController.swift in Sources */ = {isa = PBXBuildFile; fileRef = 8BAE038728FBD80100B69FBB /* ViewController.swift */; };
		8BAE038B28FBD80100B69FBB /* Main.storyboard in Resources */ = {isa = PBXBuildFile; fileRef = 8BAE038928FBD80100B69FBB /* Main.storyboard */; };
		8BAE038D28FBD80200B69FBB /* Assets.xcassets in Resources */ = {isa = PBXBuildFile; fileRef = 8BAE038C28FBD80200B69FBB /* Assets.xcassets */; };
		8BAE039028FBD80200B69FBB /* LaunchScreen.storyboard in Resources */ = {isa = PBXBuildFile; fileRef = 8BAE038E28FBD80200B69FBB /* LaunchScreen.storyboard */; };
		8BAE039B28FBD80200B69FBB /* Kadai9Tests.swift in Sources */ = {isa = PBXBuildFile; fileRef = 8BAE039A28FBD80200B69FBB /* Kadai9Tests.swift */; };
		8BAE03A528FBD80200B69FBB /* kadai9UITests.swift in Sources */ = {isa = PBXBuildFile; fileRef = 8BAE03A428FBD80200B69FBB /* kadai9UITests.swift */; };
		8BAE03A728FBD80200B69FBB /* kadai9UITestsLaunchTests.swift in Sources */ = {isa = PBXBuildFile; fileRef = 8BAE03A628FBD80200B69FBB /* kadai9UITestsLaunchTests.swift */; };
		8BAE03B428FBF19700B69FBB /* SecondViewController.swift in Sources */ = {isa = PBXBuildFile; fileRef = 8BAE03B328FBF19700B69FBB /* SecondViewController.swift */; };
/* End PBXBuildFile section */

/* Begin PBXContainerItemProxy section */
		8BAE039728FBD80200B69FBB /* PBXContainerItemProxy */ = {
			isa = PBXContainerItemProxy;
			containerPortal = 8BAE037828FBD80100B69FBB /* Project object */;
			proxyType = 1;
			remoteGlobalIDString = 8BAE037F28FBD80100B69FBB;
			remoteInfo = kadai9;
		};
		8BAE03A128FBD80200B69FBB /* PBXContainerItemProxy */ = {
			isa = PBXContainerItemProxy;
			containerPortal = 8BAE037828FBD80100B69FBB /* Project object */;
			proxyType = 1;
			remoteGlobalIDString = 8BAE037F28FBD80100B69FBB;
			remoteInfo = kadai9;
		};
/* End PBXContainerItemProxy section */

/* Begin PBXFileReference section */
		8BAE038028FBD80100B69FBB /* kadai9.app */ = {isa = PBXFileReference; explicitFileType = wrapper.application; includeInIndex = 0; path = kadai9.app; sourceTree = BUILT_PRODUCTS_DIR; };
		8BAE038328FBD80100B69FBB /* AppDelegate.swift */ = {isa = PBXFileReference; lastKnownFileType = sourcecode.swift; path = AppDelegate.swift; sourceTree = "<group>"; };
		8BAE038528FBD80100B69FBB /* SceneDelegate.swift */ = {isa = PBXFileReference; lastKnownFileType = sourcecode.swift; path = SceneDelegate.swift; sourceTree = "<group>"; };
		8BAE038728FBD80100B69FBB /* ViewController.swift */ = {isa = PBXFileReference; lastKnownFileType = sourcecode.swift; path = ViewController.swift; sourceTree = "<group>"; };
		8BAE038A28FBD80100B69FBB /* Base */ = {isa = PBXFileReference; lastKnownFileType = file.storyboard; name = Base; path = Base.lproj/Main.storyboard; sourceTree = "<group>"; };
		8BAE038C28FBD80200B69FBB /* Assets.xcassets */ = {isa = PBXFileReference; lastKnownFileType = folder.assetcatalog; path = Assets.xcassets; sourceTree = "<group>"; };
		8BAE038F28FBD80200B69FBB /* Base */ = {isa = PBXFileReference; lastKnownFileType = file.storyboard; name = Base; path = Base.lproj/LaunchScreen.storyboard; sourceTree = "<group>"; };
		8BAE039128FBD80200B69FBB /* Info.plist */ = {isa = PBXFileReference; lastKnownFileType = text.plist.xml; path = Info.plist; sourceTree = "<group>"; };
		8BAE039628FBD80200B69FBB /* kadai9Tests.xctest */ = {isa = PBXFileReference; explicitFileType = wrapper.cfbundle; includeInIndex = 0; path = kadai9Tests.xctest; sourceTree = BUILT_PRODUCTS_DIR; };
		8BAE039A28FBD80200B69FBB /* Kadai9Tests.swift */ = {isa = PBXFileReference; lastKnownFileType = sourcecode.swift; path = Kadai9Tests.swift; sourceTree = "<group>"; };
		8BAE03A028FBD80200B69FBB /* kadai9UITests.xctest */ = {isa = PBXFileReference; explicitFileType = wrapper.cfbundle; includeInIndex = 0; path = kadai9UITests.xctest; sourceTree = BUILT_PRODUCTS_DIR; };
		8BAE03A428FBD80200B69FBB /* kadai9UITests.swift */ = {isa = PBXFileReference; lastKnownFileType = sourcecode.swift; path = kadai9UITests.swift; sourceTree = "<group>"; };
		8BAE03A628FBD80200B69FBB /* kadai9UITestsLaunchTests.swift */ = {isa = PBXFileReference; lastKnownFileType = sourcecode.swift; path = kadai9UITestsLaunchTests.swift; sourceTree = "<group>"; };
		8BAE03B328FBF19700B69FBB /* SecondViewController.swift */ = {isa = PBXFileReference; lastKnownFileType = sourcecode.swift; path = SecondViewController.swift; sourceTree = "<group>"; };
/* End PBXFileReference section */

/* Begin PBXFrameworksBuildPhase section */
		8BAE037D28FBD80100B69FBB /* Frameworks */ = {
			isa = PBXFrameworksBuildPhase;
			buildActionMask = 2147483647;
			files = (
			);
			runOnlyForDeploymentPostprocessing = 0;
		};
		8BAE039328FBD80200B69FBB /* Frameworks */ = {
			isa = PBXFrameworksBuildPhase;
			buildActionMask = 2147483647;
			files = (
			);
			runOnlyForDeploymentPostprocessing = 0;
		};
		8BAE039D28FBD80200B69FBB /* Frameworks */ = {
			isa = PBXFrameworksBuildPhase;
			buildActionMask = 2147483647;
			files = (
			);
			runOnlyForDeploymentPostprocessing = 0;
		};
/* End PBXFrameworksBuildPhase section */

/* Begin PBXGroup section */
		8BAE037728FBD80100B69FBB = {
			isa = PBXGroup;
			children = (
				8BAE038228FBD80100B69FBB /* kadai9 */,
				8BAE039928FBD80200B69FBB /* kadai9Tests */,
				8BAE03A328FBD80200B69FBB /* kadai9UITests */,
				8BAE038128FBD80100B69FBB /* Products */,
			);
			sourceTree = "<group>";
		};
		8BAE038128FBD80100B69FBB /* Products */ = {
			isa = PBXGroup;
			children = (
				8BAE038028FBD80100B69FBB /* kadai9.app */,
				8BAE039628FBD80200B69FBB /* kadai9Tests.xctest */,
				8BAE03A028FBD80200B69FBB /* kadai9UITests.xctest */,
			);
			name = Products;
			sourceTree = "<group>";
		};
		8BAE038228FBD80100B69FBB /* kadai9 */ = {
			isa = PBXGroup;
			children = (
				8BAE038328FBD80100B69FBB /* AppDelegate.swift */,
				8BAE038528FBD80100B69FBB /* SceneDelegate.swift */,
				8BAE038728FBD80100B69FBB /* ViewController.swift */,
				8BAE03B328FBF19700B69FBB /* SecondViewController.swift */,
				8BAE038928FBD80100B69FBB /* Main.storyboard */,
				8BAE038C28FBD80200B69FBB /* Assets.xcassets */,
				8BAE038E28FBD80200B69FBB /* LaunchScreen.storyboard */,
				8BAE039128FBD80200B69FBB /* Info.plist */,
			);
			path = kadai9;
			sourceTree = "<group>";
		};
		8BAE039928FBD80200B69FBB /* kadai9Tests */ = {
			isa = PBXGroup;
			children = (
				8BAE039A28FBD80200B69FBB /* Kadai9Tests.swift */,
			);
			path = kadai9Tests;
			sourceTree = "<group>";
		};
		8BAE03A328FBD80200B69FBB /* kadai9UITests */ = {
			isa = PBXGroup;
			children = (
				8BAE03A428FBD80200B69FBB /* kadai9UITests.swift */,
				8BAE03A628FBD80200B69FBB /* kadai9UITestsLaunchTests.swift */,
			);
			path = kadai9UITests;
			sourceTree = "<group>";
		};
/* End PBXGroup section */

/* Begin PBXNativeTarget section */
		8BAE037F28FBD80100B69FBB /* kadai9 */ = {
			isa = PBXNativeTarget;
			buildConfigurationList = 8BAE03AA28FBD80200B69FBB /* Build configuration list for PBXNativeTarget "kadai9" */;
			buildPhases = (
				8BAE037C28FBD80100B69FBB /* Sources */,
				8BAE037D28FBD80100B69FBB /* Frameworks */,
				8BAE037E28FBD80100B69FBB /* Resources */,
				8BE6C3A0290185E700A2E07C /* ShellScript */,
			);
			buildRules = (
			);
			dependencies = (
			);
			name = kadai9;
			productName = kadai9;
			productReference = 8BAE038028FBD80100B69FBB /* kadai9.app */;
			productType = "com.apple.product-type.application";
		};
		8BAE039528FBD80200B69FBB /* kadai9Tests */ = {
			isa = PBXNativeTarget;
			buildConfigurationList = 8BAE03AD28FBD80200B69FBB /* Build configuration list for PBXNativeTarget "kadai9Tests" */;
			buildPhases = (
				8BAE039228FBD80200B69FBB /* Sources */,
				8BAE039328FBD80200B69FBB /* Frameworks */,
				8BAE039428FBD80200B69FBB /* Resources */,
			);
			buildRules = (
			);
			dependencies = (
				8BAE039828FBD80200B69FBB /* PBXTargetDependency */,
			);
			name = kadai9Tests;
			productName = kadai9Tests;
			productReference = 8BAE039628FBD80200B69FBB /* kadai9Tests.xctest */;
			productType = "com.apple.product-type.bundle.unit-test";
		};
		8BAE039F28FBD80200B69FBB /* kadai9UITests */ = {
			isa = PBXNativeTarget;
			buildConfigurationList = 8BAE03B028FBD80200B69FBB /* Build configuration list for PBXNativeTarget "kadai9UITests" */;
			buildPhases = (
				8BAE039C28FBD80200B69FBB /* Sources */,
				8BAE039D28FBD80200B69FBB /* Frameworks */,
				8BAE039E28FBD80200B69FBB /* Resources */,
			);
			buildRules = (
			);
			dependencies = (
				8BAE03A228FBD80200B69FBB /* PBXTargetDependency */,
			);
			name = kadai9UITests;
			productName = kadai9UITests;
			productReference = 8BAE03A028FBD80200B69FBB /* kadai9UITests.xctest */;
			productType = "com.apple.product-type.bundle.ui-testing";
		};
/* End PBXNativeTarget section */

/* Begin PBXProject section */
		8BAE037828FBD80100B69FBB /* Project object */ = {
			isa = PBXProject;
			attributes = {
				BuildIndependentTargetsInParallel = 1;
				LastSwiftUpdateCheck = 1400;
				LastUpgradeCheck = 1400;
				TargetAttributes = {
					8BAE037F28FBD80100B69FBB = {
						CreatedOnToolsVersion = 14.0.1;
					};
					8BAE039528FBD80200B69FBB = {
						CreatedOnToolsVersion = 14.0.1;
						TestTargetID = 8BAE037F28FBD80100B69FBB;
					};
					8BAE039F28FBD80200B69FBB = {
						CreatedOnToolsVersion = 14.0.1;
						TestTargetID = 8BAE037F28FBD80100B69FBB;
					};
				};
			};
			buildConfigurationList = 8BAE037B28FBD80100B69FBB /* Build configuration list for PBXProject "kadai9" */;
			compatibilityVersion = "Xcode 14.0";
			developmentRegion = en;
			hasScannedForEncodings = 0;
			knownRegions = (
				en,
				Base,
			);
			mainGroup = 8BAE037728FBD80100B69FBB;
			productRefGroup = 8BAE038128FBD80100B69FBB /* Products */;
			projectDirPath = "";
			projectRoot = "";
			targets = (
				8BAE037F28FBD80100B69FBB /* kadai9 */,
				8BAE039528FBD80200B69FBB /* kadai9Tests */,
				8BAE039F28FBD80200B69FBB /* kadai9UITests */,
			);
		};
/* End PBXProject section */

/* Begin PBXResourcesBuildPhase section */
		8BAE037E28FBD80100B69FBB /* Resources */ = {
			isa = PBXResourcesBuildPhase;
			buildActionMask = 2147483647;
			files = (
				8BAE039028FBD80200B69FBB /* LaunchScreen.storyboard in Resources */,
				8BAE038D28FBD80200B69FBB /* Assets.xcassets in Resources */,
				8BAE038B28FBD80100B69FBB /* Main.storyboard in Resources */,
			);
			runOnlyForDeploymentPostprocessing = 0;
		};
		8BAE039428FBD80200B69FBB /* Resources */ = {
			isa = PBXResourcesBuildPhase;
			buildActionMask = 2147483647;
			files = (
			);
			runOnlyForDeploymentPostprocessing = 0;
		};
		8BAE039E28FBD80200B69FBB /* Resources */ = {
			isa = PBXResourcesBuildPhase;
			buildActionMask = 2147483647;
			files = (
			);
			runOnlyForDeploymentPostprocessing = 0;
		};
/* End PBXResourcesBuildPhase section */

/* Begin PBXShellScriptBuildPhase section */
		8BE6C3A0290185E700A2E07C /* ShellScript */ = {
			isa = PBXShellScriptBuildPhase;
			buildActionMask = 2147483647;
			files = (
			);
			inputFileListPaths = (
			);
			inputPaths = (
			);
			outputFileListPaths = (
			);
			outputPaths = (
			);
			runOnlyForDeploymentPostprocessing = 0;
			shellPath = /bin/sh;
			shellScript = "if which swiftlint > /dev/null; then\n  swiftlint\nelse\n  echo \"warning: SwiftLint not installed, download from https://github.com/realm/SwiftLint\"\nfi\n\n";
		};
/* End PBXShellScriptBuildPhase section */

/* Begin PBXSourcesBuildPhase section */
		8BAE037C28FBD80100B69FBB /* Sources */ = {
			isa = PBXSourcesBuildPhase;
			buildActionMask = 2147483647;
			files = (
				8BAE03B428FBF19700B69FBB /* SecondViewController.swift in Sources */,
				8BAE038828FBD80100B69FBB /* ViewController.swift in Sources */,
				8BAE038428FBD80100B69FBB /* AppDelegate.swift in Sources */,
				8BAE038628FBD80100B69FBB /* SceneDelegate.swift in Sources */,
			);
			runOnlyForDeploymentPostprocessing = 0;
		};
		8BAE039228FBD80200B69FBB /* Sources */ = {
			isa = PBXSourcesBuildPhase;
			buildActionMask = 2147483647;
			files = (
				8BAE039B28FBD80200B69FBB /* Kadai9Tests.swift in Sources */,
			);
			runOnlyForDeploymentPostprocessing = 0;
		};
		8BAE039C28FBD80200B69FBB /* Sources */ = {
			isa = PBXSourcesBuildPhase;
			buildActionMask = 2147483647;
			files = (
				8BAE03A528FBD80200B69FBB /* kadai9UITests.swift in Sources */,
				8BAE03A728FBD80200B69FBB /* kadai9UITestsLaunchTests.swift in Sources */,
			);
			runOnlyForDeploymentPostprocessing = 0;
		};
/* End PBXSourcesBuildPhase section */

/* Begin PBXTargetDependency section */
		8BAE039828FBD80200B69FBB /* PBXTargetDependency */ = {
			isa = PBXTargetDependency;
			target = 8BAE037F28FBD80100B69FBB /* kadai9 */;
			targetProxy = 8BAE039728FBD80200B69FBB /* PBXContainerItemProxy */;
		};
		8BAE03A228FBD80200B69FBB /* PBXTargetDependency */ = {
			isa = PBXTargetDependency;
			target = 8BAE037F28FBD80100B69FBB /* kadai9 */;
			targetProxy = 8BAE03A128FBD80200B69FBB /* PBXContainerItemProxy */;
		};
/* End PBXTargetDependency section */

/* Begin PBXVariantGroup section */
		8BAE038928FBD80100B69FBB /* Main.storyboard */ = {
			isa = PBXVariantGroup;
			children = (
				8BAE038A28FBD80100B69FBB /* Base */,
			);
			name = Main.storyboard;
			sourceTree = "<group>";
		};
		8BAE038E28FBD80200B69FBB /* LaunchScreen.storyboard */ = {
			isa = PBXVariantGroup;
			children = (
				8BAE038F28FBD80200B69FBB /* Base */,
			);
			name = LaunchScreen.storyboard;
			sourceTree = "<group>";
		};
/* End PBXVariantGroup section */

/* Begin XCBuildConfiguration section */
		8BAE03A828FBD80200B69FBB /* Debug */ = {
			isa = XCBuildConfiguration;
			buildSettings = {
				ALWAYS_SEARCH_USER_PATHS = NO;
				CLANG_ANALYZER_NONNULL = YES;
				CLANG_ANALYZER_NUMBER_OBJECT_CONVERSION = YES_AGGRESSIVE;
				CLANG_CXX_LANGUAGE_STANDARD = "gnu++20";
				CLANG_ENABLE_MODULES = YES;
				CLANG_ENABLE_OBJC_ARC = YES;
				CLANG_ENABLE_OBJC_WEAK = YES;
				CLANG_WARN_BLOCK_CAPTURE_AUTORELEASING = YES;
				CLANG_WARN_BOOL_CONVERSION = YES;
				CLANG_WARN_COMMA = YES;
				CLANG_WARN_CONSTANT_CONVERSION = YES;
				CLANG_WARN_DEPRECATED_OBJC_IMPLEMENTATIONS = YES;
				CLANG_WARN_DIRECT_OBJC_ISA_USAGE = YES_ERROR;
				CLANG_WARN_DOCUMENTATION_COMMENTS = YES;
				CLANG_WARN_EMPTY_BODY = YES;
				CLANG_WARN_ENUM_CONVERSION = YES;
				CLANG_WARN_INFINITE_RECURSION = YES;
				CLANG_WARN_INT_CONVERSION = YES;
				CLANG_WARN_NON_LITERAL_NULL_CONVERSION = YES;
				CLANG_WARN_OBJC_IMPLICIT_RETAIN_SELF = YES;
				CLANG_WARN_OBJC_LITERAL_CONVERSION = YES;
				CLANG_WARN_OBJC_ROOT_CLASS = YES_ERROR;
				CLANG_WARN_QUOTED_INCLUDE_IN_FRAMEWORK_HEADER = YES;
				CLANG_WARN_RANGE_LOOP_ANALYSIS = YES;
				CLANG_WARN_STRICT_PROTOTYPES = YES;
				CLANG_WARN_SUSPICIOUS_MOVE = YES;
				CLANG_WARN_UNGUARDED_AVAILABILITY = YES_AGGRESSIVE;
				CLANG_WARN_UNREACHABLE_CODE = YES;
				CLANG_WARN__DUPLICATE_METHOD_MATCH = YES;
				COPY_PHASE_STRIP = NO;
				DEBUG_INFORMATION_FORMAT = dwarf;
				ENABLE_STRICT_OBJC_MSGSEND = YES;
				ENABLE_TESTABILITY = YES;
				GCC_C_LANGUAGE_STANDARD = gnu11;
				GCC_DYNAMIC_NO_PIC = NO;
				GCC_NO_COMMON_BLOCKS = YES;
				GCC_OPTIMIZATION_LEVEL = 0;
				GCC_PREPROCESSOR_DEFINITIONS = (
					"DEBUG=1",
					"$(inherited)",
				);
				GCC_WARN_64_TO_32_BIT_CONVERSION = YES;
				GCC_WARN_ABOUT_RETURN_TYPE = YES_ERROR;
				GCC_WARN_UNDECLARED_SELECTOR = YES;
				GCC_WARN_UNINITIALIZED_AUTOS = YES_AGGRESSIVE;
				GCC_WARN_UNUSED_FUNCTION = YES;
				GCC_WARN_UNUSED_VARIABLE = YES;
				IPHONEOS_DEPLOYMENT_TARGET = 16.0;
				MTL_ENABLE_DEBUG_INFO = INCLUDE_SOURCE;
				MTL_FAST_MATH = YES;
				ONLY_ACTIVE_ARCH = YES;
				SDKROOT = iphoneos;
				SWIFT_ACTIVE_COMPILATION_CONDITIONS = DEBUG;
				SWIFT_OPTIMIZATION_LEVEL = "-Onone";
			};
			name = Debug;
		};
		8BAE03A928FBD80200B69FBB /* Release */ = {
			isa = XCBuildConfiguration;
			buildSettings = {
				ALWAYS_SEARCH_USER_PATHS = NO;
				CLANG_ANALYZER_NONNULL = YES;
				CLANG_ANALYZER_NUMBER_OBJECT_CONVERSION = YES_AGGRESSIVE;
				CLANG_CXX_LANGUAGE_STANDARD = "gnu++20";
				CLANG_ENABLE_MODULES = YES;
				CLANG_ENABLE_OBJC_ARC = YES;
				CLANG_ENABLE_OBJC_WEAK = YES;
				CLANG_WARN_BLOCK_CAPTURE_AUTORELEASING = YES;
				CLANG_WARN_BOOL_CONVERSION = YES;
				CLANG_WARN_COMMA = YES;
				CLANG_WARN_CONSTANT_CONVERSION = YES;
				CLANG_WARN_DEPRECATED_OBJC_IMPLEMENTATIONS = YES;
				CLANG_WARN_DIRECT_OBJC_ISA_USAGE = YES_ERROR;
				CLANG_WARN_DOCUMENTATION_COMMENTS = YES;
				CLANG_WARN_EMPTY_BODY = YES;
				CLANG_WARN_ENUM_CONVERSION = YES;
				CLANG_WARN_INFINITE_RECURSION = YES;
				CLANG_WARN_INT_CONVERSION = YES;
				CLANG_WARN_NON_LITERAL_NULL_CONVERSION = YES;
				CLANG_WARN_OBJC_IMPLICIT_RETAIN_SELF = YES;
				CLANG_WARN_OBJC_LITERAL_CONVERSION = YES;
				CLANG_WARN_OBJC_ROOT_CLASS = YES_ERROR;
				CLANG_WARN_QUOTED_INCLUDE_IN_FRAMEWORK_HEADER = YES;
				CLANG_WARN_RANGE_LOOP_ANALYSIS = YES;
				CLANG_WARN_STRICT_PROTOTYPES = YES;
				CLANG_WARN_SUSPICIOUS_MOVE = YES;
				CLANG_WARN_UNGUARDED_AVAILABILITY = YES_AGGRESSIVE;
				CLANG_WARN_UNREACHABLE_CODE = YES;
				CLANG_WARN__DUPLICATE_METHOD_MATCH = YES;
				COPY_PHASE_STRIP = NO;
				DEBUG_INFORMATION_FORMAT = "dwarf-with-dsym";
				ENABLE_NS_ASSERTIONS = NO;
				ENABLE_STRICT_OBJC_MSGSEND = YES;
				GCC_C_LANGUAGE_STANDARD = gnu11;
				GCC_NO_COMMON_BLOCKS = YES;
				GCC_WARN_64_TO_32_BIT_CONVERSION = YES;
				GCC_WARN_ABOUT_RETURN_TYPE = YES_ERROR;
				GCC_WARN_UNDECLARED_SELECTOR = YES;
				GCC_WARN_UNINITIALIZED_AUTOS = YES_AGGRESSIVE;
				GCC_WARN_UNUSED_FUNCTION = YES;
				GCC_WARN_UNUSED_VARIABLE = YES;
				IPHONEOS_DEPLOYMENT_TARGET = 16.0;
				MTL_ENABLE_DEBUG_INFO = NO;
				MTL_FAST_MATH = YES;
				SDKROOT = iphoneos;
				SWIFT_COMPILATION_MODE = wholemodule;
				SWIFT_OPTIMIZATION_LEVEL = "-O";
				VALIDATE_PRODUCT = YES;
			};
			name = Release;
		};
		8BAE03AB28FBD80200B69FBB /* Debug */ = {
			isa = XCBuildConfiguration;
			buildSettings = {
				ASSETCATALOG_COMPILER_APPICON_NAME = AppIcon;
				ASSETCATALOG_COMPILER_GLOBAL_ACCENT_COLOR_NAME = AccentColor;
				CODE_SIGN_STYLE = Automatic;
				CURRENT_PROJECT_VERSION = 1;
				DEVELOPMENT_TEAM = HNN2VNVG7Y;
				GENERATE_INFOPLIST_FILE = YES;
				INFOPLIST_FILE = kadai9/Info.plist;
				INFOPLIST_KEY_UIApplicationSupportsIndirectInputEvents = YES;
				INFOPLIST_KEY_UILaunchStoryboardName = LaunchScreen;
				INFOPLIST_KEY_UIMainStoryboardFile = Main;
				INFOPLIST_KEY_UISupportedInterfaceOrientations_iPad = "UIInterfaceOrientationPortrait UIInterfaceOrientationPortraitUpsideDown UIInterfaceOrientationLandscapeLeft UIInterfaceOrientationLandscapeRight";
				INFOPLIST_KEY_UISupportedInterfaceOrientations_iPhone = "UIInterfaceOrientationPortrait UIInterfaceOrientationLandscapeLeft UIInterfaceOrientationLandscapeRight";
				LD_RUNPATH_SEARCH_PATHS = (
					"$(inherited)",
					"@executable_path/Frameworks",
				);
				MARKETING_VERSION = 1.0;
				PRODUCT_BUNDLE_IDENTIFIER = oujyu.kadai9;
				PRODUCT_NAME = "$(TARGET_NAME)";
				SWIFT_EMIT_LOC_STRINGS = YES;
				SWIFT_VERSION = 5.0;
				TARGETED_DEVICE_FAMILY = "1,2";
			};
			name = Debug;
		};
		8BAE03AC28FBD80200B69FBB /* Release */ = {
			isa = XCBuildConfiguration;
			buildSettings = {
				ASSETCATALOG_COMPILER_APPICON_NAME = AppIcon;
				ASSETCATALOG_COMPILER_GLOBAL_ACCENT_COLOR_NAME = AccentColor;
				CODE_SIGN_STYLE = Automatic;
				CURRENT_PROJECT_VERSION = 1;
				DEVELOPMENT_TEAM = HNN2VNVG7Y;
				GENERATE_INFOPLIST_FILE = YES;
				INFOPLIST_FILE = kadai9/Info.plist;
				INFOPLIST_KEY_UIApplicationSupportsIndirectInputEvents = YES;
				INFOPLIST_KEY_UILaunchStoryboardName = LaunchScreen;
				INFOPLIST_KEY_UIMainStoryboardFile = Main;
				INFOPLIST_KEY_UISupportedInterfaceOrientations_iPad = "UIInterfaceOrientationPortrait UIInterfaceOrientationPortraitUpsideDown UIInterfaceOrientationLandscapeLeft UIInterfaceOrientationLandscapeRight";
				INFOPLIST_KEY_UISupportedInterfaceOrientations_iPhone = "UIInterfaceOrientationPortrait UIInterfaceOrientationLandscapeLeft UIInterfaceOrientationLandscapeRight";
				LD_RUNPATH_SEARCH_PATHS = (
					"$(inherited)",
					"@executable_path/Frameworks",
				);
				MARKETING_VERSION = 1.0;
				PRODUCT_BUNDLE_IDENTIFIER = oujyu.kadai9;
				PRODUCT_NAME = "$(TARGET_NAME)";
				SWIFT_EMIT_LOC_STRINGS = YES;
				SWIFT_VERSION = 5.0;
				TARGETED_DEVICE_FAMILY = "1,2";
			};
			name = Release;
		};
		8BAE03AE28FBD80200B69FBB /* Debug */ = {
			isa = XCBuildConfiguration;
			buildSettings = {
				ALWAYS_EMBED_SWIFT_STANDARD_LIBRARIES = YES;
				BUNDLE_LOADER = "$(TEST_HOST)";
				CODE_SIGN_STYLE = Automatic;
				CURRENT_PROJECT_VERSION = 1;
				DEVELOPMENT_TEAM = HNN2VNVG7Y;
				GENERATE_INFOPLIST_FILE = YES;
				IPHONEOS_DEPLOYMENT_TARGET = 16.0;
				MARKETING_VERSION = 1.0;
				PRODUCT_BUNDLE_IDENTIFIER = oujyu.kadai9Tests;
				PRODUCT_NAME = "$(TARGET_NAME)";
				SWIFT_EMIT_LOC_STRINGS = NO;
				SWIFT_VERSION = 5.0;
				TARGETED_DEVICE_FAMILY = "1,2";
				TEST_HOST = "$(BUILT_PRODUCTS_DIR)/kadai9.app/$(BUNDLE_EXECUTABLE_FOLDER_PATH)/kadai9";
			};
			name = Debug;
		};
		8BAE03AF28FBD80200B69FBB /* Release */ = {
			isa = XCBuildConfiguration;
			buildSettings = {
				ALWAYS_EMBED_SWIFT_STANDARD_LIBRARIES = YES;
				BUNDLE_LOADER = "$(TEST_HOST)";
				CODE_SIGN_STYLE = Automatic;
				CURRENT_PROJECT_VERSION = 1;
				DEVELOPMENT_TEAM = HNN2VNVG7Y;
				GENERATE_INFOPLIST_FILE = YES;
				IPHONEOS_DEPLOYMENT_TARGET = 16.0;
				MARKETING_VERSION = 1.0;
				PRODUCT_BUNDLE_IDENTIFIER = oujyu.kadai9Tests;
				PRODUCT_NAME = "$(TARGET_NAME)";
				SWIFT_EMIT_LOC_STRINGS = NO;
				SWIFT_VERSION = 5.0;
				TARGETED_DEVICE_FAMILY = "1,2";
				TEST_HOST = "$(BUILT_PRODUCTS_DIR)/kadai9.app/$(BUNDLE_EXECUTABLE_FOLDER_PATH)/kadai9";
			};
			name = Release;
		};
		8BAE03B128FBD80200B69FBB /* Debug */ = {
			isa = XCBuildConfiguration;
			buildSettings = {
				ALWAYS_EMBED_SWIFT_STANDARD_LIBRARIES = YES;
				CODE_SIGN_STYLE = Automatic;
				CURRENT_PROJECT_VERSION = 1;
				DEVELOPMENT_TEAM = HNN2VNVG7Y;
				GENERATE_INFOPLIST_FILE = YES;
				MARKETING_VERSION = 1.0;
				PRODUCT_BUNDLE_IDENTIFIER = oujyu.kadai9UITests;
				PRODUCT_NAME = "$(TARGET_NAME)";
				SWIFT_EMIT_LOC_STRINGS = NO;
				SWIFT_VERSION = 5.0;
				TARGETED_DEVICE_FAMILY = "1,2";
				TEST_TARGET_NAME = kadai9;
			};
			name = Debug;
		};
		8BAE03B228FBD80200B69FBB /* Release */ = {
			isa = XCBuildConfiguration;
			buildSettings = {
				ALWAYS_EMBED_SWIFT_STANDARD_LIBRARIES = YES;
				CODE_SIGN_STYLE = Automatic;
				CURRENT_PROJECT_VERSION = 1;
				DEVELOPMENT_TEAM = HNN2VNVG7Y;
				GENERATE_INFOPLIST_FILE = YES;
				MARKETING_VERSION = 1.0;
				PRODUCT_BUNDLE_IDENTIFIER = oujyu.kadai9UITests;
				PRODUCT_NAME = "$(TARGET_NAME)";
				SWIFT_EMIT_LOC_STRINGS = NO;
				SWIFT_VERSION = 5.0;
				TARGETED_DEVICE_FAMILY = "1,2";
				TEST_TARGET_NAME = kadai9;
			};
			name = Release;
		};
/* End XCBuildConfiguration section */

/* Begin XCConfigurationList section */
		8BAE037B28FBD80100B69FBB /* Build configuration list for PBXProject "kadai9" */ = {
			isa = XCConfigurationList;
			buildConfigurations = (
				8BAE03A828FBD80200B69FBB /* Debug */,
				8BAE03A928FBD80200B69FBB /* Release */,
			);
			defaultConfigurationIsVisible = 0;
			defaultConfigurationName = Release;
		};
		8BAE03AA28FBD80200B69FBB /* Build configuration list for PBXNativeTarget "kadai9" */ = {
			isa = XCConfigurationList;
			buildConfigurations = (
				8BAE03AB28FBD80200B69FBB /* Debug */,
				8BAE03AC28FBD80200B69FBB /* Release */,
			);
			defaultConfigurationIsVisible = 0;
			defaultConfigurationName = Release;
		};
		8BAE03AD28FBD80200B69FBB /* Build configuration list for PBXNativeTarget "kadai9Tests" */ = {
			isa = XCConfigurationList;
			buildConfigurations = (
				8BAE03AE28FBD80200B69FBB /* Debug */,
				8BAE03AF28FBD80200B69FBB /* Release */,
			);
			defaultConfigurationIsVisible = 0;
			defaultConfigurationName = Release;
		};
		8BAE03B028FBD80200B69FBB /* Build configuration list for PBXNativeTarget "kadai9UITests" */ = {
			isa = XCConfigurationList;
			buildConfigurations = (
				8BAE03B128FBD80200B69FBB /* Debug */,
				8BAE03B228FBD80200B69FBB /* Release */,
			);
			defaultConfigurationIsVisible = 0;
			defaultConfigurationName = Release;
		};
/* End XCConfigurationList section */
	};
	rootObject = 8BAE037828FBD80100B69FBB /* Project object */;
}
